
Microsoft Visual Studio Solution File, Format Version 12.00
# Visual Studio Version 16
VisualStudioVersion = 16.0.33214.272
MinimumVisualStudioVersion = 10.0.40219.1
Project("{FAE04EC0-301F-11D3-BF4B-00C04F79EFBC}") = "Mission06_dallinb9", "Mission06_dallinb9\Mission06_dallinb9.csproj", "{5557B403-DB9E-49C0-A74F-3825325947E8}"
EndProject
Global
	GlobalSection(SolutionConfigurationPlatforms) = preSolution
		Debug|Any CPU = Debug|Any CPU
		Release|Any CPU = Release|Any CPU
	EndGlobalSection
	GlobalSection(ProjectConfigurationPlatforms) = postSolution
		{5557B403-DB9E-49C0-A74F-3825325947E8}.Debug|Any CPU.ActiveCfg = Debug|Any CPU
		{5557B403-DB9E-49C0-A74F-3825325947E8}.Debug|Any CPU.Build.0 = Debug|Any CPU
		{5557B403-DB9E-49C0-A74F-3825325947E8}.Release|Any CPU.ActiveCfg = Release|Any CPU
		{5557B403-DB9E-49C0-A74F-3825325947E8}.Release|Any CPU.Build.0 = Release|Any CPU
	EndGlobalSection
	GlobalSection(SolutionProperties) = preSolution
		HideSolutionNode = FALSE
	EndGlobalSection
	GlobalSection(ExtensibilityGlobals) = postSolution
		SolutionGuid = {D65FF8B5-D0BC-4BC7-BCEB-824BA6EA7D90}
	EndGlobalSection
EndGlobal
